
Microsoft Visual Studio Solution File, Format Version 12.00
# Visual Studio Version 16
VisualStudioVersion = 16.0.30517.126
MinimumVisualStudioVersion = 10.0.40219.1
Project("{FAE04EC0-301F-11D3-BF4B-00C04F79EFBC}") = "newLaba6Vlad", "newLaba6Vlad\newLaba6Vlad.csproj", "{1ECBD6DC-3DB5-478E-995A-CAC36F82B228}"
EndProject
Global
	GlobalSection(SolutionConfigurationPlatforms) = preSolution
		Debug|Any CPU = Debug|Any CPU
		Release|Any CPU = Release|Any CPU
	EndGlobalSection
	GlobalSection(ProjectConfigurationPlatforms) = postSolution
		{1ECBD6DC-3DB5-478E-995A-CAC36F82B228}.Debug|Any CPU.ActiveCfg = Debug|Any CPU
		{1ECBD6DC-3DB5-478E-995A-CAC36F82B228}.Debug|Any CPU.Build.0 = Debug|Any CPU
		{1ECBD6DC-3DB5-478E-995A-CAC36F82B228}.Release|Any CPU.ActiveCfg = Release|Any CPU
		{1ECBD6DC-3DB5-478E-995A-CAC36F82B228}.Release|Any CPU.Build.0 = Release|Any CPU
	EndGlobalSection
	GlobalSection(SolutionProperties) = preSolution
		HideSolutionNode = FALSE
	EndGlobalSection
	GlobalSection(ExtensibilityGlobals) = postSolution
		SolutionGuid = {D41F1493-D062-4BAE-849B-AD7650DB346D}
	EndGlobalSection
EndGlobal
